PODS:
  - Alamofire (4.6.0)
  - MBProgressHUD (1.1.0)
  - SDWebImage (3.7.6):
    - SDWebImage/Core (= 3.7.6)
  - SDWebImage/Core (3.7.6)

DEPENDENCIES:
  - Alamofire
  - MBProgressHUD
  - SDWebImage (~> 3.7.3)

SPEC CHECKSUMS:
  Alamofire: f41a599bd63041760b26d393ec1069d9d7b917f4
  MBProgressHUD: e7baa36a220447d8aeb12769bf0585582f3866d9
  SDWebImage: c325cf02c30337336b95beff20a13df489ec0ec9

PODFILE CHECKSUM: a1de25b6adac74a2f871e5489c299085eaf3fff9

COCOAPODS: 1.4.0
