// !$*UTF8*$!
{
	archiveVersion = 1;
	classes = {
	};
	objectVersion = 48;
	objects = {

/* Begin PBXBuildFile section */
		2E8B939B3C16F0C0549788B8 /* Pods_TeamworkSampleUITests.framework in Frameworks */ = {isa = PBXBuildFile; fileRef = 6034BF3C6E8A6B7E83E03A57 /* Pods_TeamworkSampleUITests.framework */; };
		6242037AA738E6B820D091D4 /* Pods_TeamworkSampleTests.framework in Frameworks */ = {isa = PBXBuildFile; fileRef = A7FED5CD26DA32383A63F595 /* Pods_TeamworkSampleTests.framework */; };
		B02D9ED0204163D20044BB0E /* TaskList.swift in Sources */ = {isa = PBXBuildFile; fileRef = B02D9ECF204163D20044BB0E /* TaskList.swift */; };
		B02D9ED6204164010044BB0E /* TaskListCell.swift in Sources */ = {isa = PBXBuildFile; fileRef = B02D9ED2204164010044BB0E /* TaskListCell.swift */; };
		B02D9ED7204164010044BB0E /* TaskListsViewController.swift in Sources */ = {isa = PBXBuildFile; fileRef = B02D9ED3204164010044BB0E /* TaskListsViewController.swift */; };
		B02D9ED8204164010044BB0E /* OneTaskListViewModel.swift in Sources */ = {isa = PBXBuildFile; fileRef = B02D9ED4204164010044BB0E /* OneTaskListViewModel.swift */; };
		B02D9ED9204164010044BB0E /* TaskListsViewModel.swift in Sources */ = {isa = PBXBuildFile; fileRef = B02D9ED5204164010044BB0E /* TaskListsViewModel.swift */; };
		B02D9EDB204176430044BB0E /* DateBadgeView.swift in Sources */ = {isa = PBXBuildFile; fileRef = B02D9EDA204176430044BB0E /* DateBadgeView.swift */; };
		B02D9EDD204178430044BB0E /* ProjectOverviewView.swift in Sources */ = {isa = PBXBuildFile; fileRef = B02D9EDC204178430044BB0E /* ProjectOverviewView.swift */; };
		B0342B002040AB8200631CF7 /* Main.storyboard in Resources */ = {isa = PBXBuildFile; fileRef = B0342AFF2040AB8200631CF7 /* Main.storyboard */; };
		B0342B022040AC4F00631CF7 /* Router.swift in Sources */ = {isa = PBXBuildFile; fileRef = B0342B012040AC4F00631CF7 /* Router.swift */; };
		B0342B542040BE8F00631CF7 /* Teamwork.plist in Resources */ = {isa = PBXBuildFile; fileRef = B0342B532040BE8F00631CF7 /* Teamwork.plist */; };
		B0342B562040BEE600631CF7 /* Types.swift in Sources */ = {isa = PBXBuildFile; fileRef = B0342B552040BEE600631CF7 /* Types.swift */; };
		B0342B582040BF1200631CF7 /* RouterConfig.swift in Sources */ = {isa = PBXBuildFile; fileRef = B0342B572040BF1200631CF7 /* RouterConfig.swift */; };
		B0342B5B2040C38300631CF7 /* Project.swift in Sources */ = {isa = PBXBuildFile; fileRef = B0342B5A2040C38300631CF7 /* Project.swift */; };
		B0342B5D2040C39400631CF7 /* ApiObject.swift in Sources */ = {isa = PBXBuildFile; fileRef = B0342B5C2040C39400631CF7 /* ApiObject.swift */; };
		B0342B602040C58D00631CF7 /* StoryboardContext.swift in Sources */ = {isa = PBXBuildFile; fileRef = B0342B5F2040C58D00631CF7 /* StoryboardContext.swift */; };
		B0342B622040C5AD00631CF7 /* MainStoryboard.swift in Sources */ = {isa = PBXBuildFile; fileRef = B0342B612040C5AD00631CF7 /* MainStoryboard.swift */; };
		B0342B652040C69600631CF7 /* ProjectsViewController.swift in Sources */ = {isa = PBXBuildFile; fileRef = B0342B642040C69600631CF7 /* ProjectsViewController.swift */; };
		B0342B682040C6A600631CF7 /* BaseViewController.swift in Sources */ = {isa = PBXBuildFile; fileRef = B0342B672040C6A600631CF7 /* BaseViewController.swift */; };
		B0342B6A2040C6DC00631CF7 /* BaseTableViewController.swift in Sources */ = {isa = PBXBuildFile; fileRef = B0342B692040C6DC00631CF7 /* BaseTableViewController.swift */; };
		B0342B6C2040C73E00631CF7 /* BaseTableViewCell.swift in Sources */ = {isa = PBXBuildFile; fileRef = B0342B6B2040C73E00631CF7 /* BaseTableViewCell.swift */; };
		B0342B6E2040C79F00631CF7 /* ProjectsViewModel.swift in Sources */ = {isa = PBXBuildFile; fileRef = B0342B6D2040C79F00631CF7 /* ProjectsViewModel.swift */; };
		B0342B702040C82900631CF7 /* ProjectsApi.swift in Sources */ = {isa = PBXBuildFile; fileRef = B0342B6F2040C82900631CF7 /* ProjectsApi.swift */; };
		B0342B722040C9D800631CF7 /* BaseViewModel.swift in Sources */ = {isa = PBXBuildFile; fileRef = B0342B712040C9D800631CF7 /* BaseViewModel.swift */; };
		B0342B752040CA2400631CF7 /* BaseApi.swift in Sources */ = {isa = PBXBuildFile; fileRef = B0342B742040CA2400631CF7 /* BaseApi.swift */; };
		B0342B772040D4CA00631CF7 /* ProjectCell.swift in Sources */ = {isa = PBXBuildFile; fileRef = B0342B762040D4CA00631CF7 /* ProjectCell.swift */; };
		B0342B792040D69E00631CF7 /* OneProjectViewModel.swift in Sources */ = {isa = PBXBuildFile; fileRef = B0342B782040D69E00631CF7 /* OneProjectViewModel.swift */; };
		B0342B7B2040DB1200631CF7 /* Extensions.swift in Sources */ = {isa = PBXBuildFile; fileRef = B0342B7A2040DB1200631CF7 /* Extensions.swift */; };
		B0342B7D2040DB3200631CF7 /* Localizable.strings in Resources */ = {isa = PBXBuildFile; fileRef = B0342B7C2040DB3200631CF7 /* Localizable.strings */; };
		B0342B802040E16300631CF7 /* Task.swift in Sources */ = {isa = PBXBuildFile; fileRef = B0342B7F2040E16300631CF7 /* Task.swift */; };
		B0342B822040E16B00631CF7 /* TaskApi.swift in Sources */ = {isa = PBXBuildFile; fileRef = B0342B812040E16B00631CF7 /* TaskApi.swift */; };
		B0342B852040E3CC00631CF7 /* TasksViewController.swift in Sources */ = {isa = PBXBuildFile; fileRef = B0342B842040E3CC00631CF7 /* TasksViewController.swift */; };
		B0342B872040E3D600631CF7 /* OneTaskViewModel.swift in Sources */ = {isa = PBXBuildFile; fileRef = B0342B862040E3D600631CF7 /* OneTaskViewModel.swift */; };
		B0342B892040E3E000631CF7 /* TasksViewModel.swift in Sources */ = {isa = PBXBuildFile; fileRef = B0342B882040E3E000631CF7 /* TasksViewModel.swift */; };
		B0342B8B2040E3EA00631CF7 /* TaskCell.swift in Sources */ = {isa = PBXBuildFile; fileRef = B0342B8A2040E3EA00631CF7 /* TaskCell.swift */; };
		B0342B8F2040FBC000631CF7 /* DateUtils.swift in Sources */ = {isa = PBXBuildFile; fileRef = B0342B8E2040FBC000631CF7 /* DateUtils.swift */; };
		B0342B912041038E00631CF7 /* ProgressFillView.swift in Sources */ = {isa = PBXBuildFile; fileRef = B0342B902041038E00631CF7 /* ProgressFillView.swift */; };
		B0342B932041097F00631CF7 /* Visuals.swift in Sources */ = {isa = PBXBuildFile; fileRef = B0342B922041097F00631CF7 /* Visuals.swift */; };
		B03F2BEF2040A96D0067CC1E /* AppDelegate.swift in Sources */ = {isa = PBXBuildFile; fileRef = B03F2BEE2040A96D0067CC1E /* AppDelegate.swift */; };
		B03F2BF62040A96D0067CC1E /* Assets.xcassets in Resources */ = {isa = PBXBuildFile; fileRef = B03F2BF52040A96D0067CC1E /* Assets.xcassets */; };
		B03F2BF92040A96D0067CC1E /* LaunchScreen.storyboard in Resources */ = {isa = PBXBuildFile; fileRef = B03F2BF72040A96D0067CC1E /* LaunchScreen.storyboard */; };
		B03F2C042040A96D0067CC1E /* TeamworkSampleTests.swift in Sources */ = {isa = PBXBuildFile; fileRef = B03F2C032040A96D0067CC1E /* TeamworkSampleTests.swift */; };
		B03F2C0F2040A96D0067CC1E /* TeamworkSampleUITests.swift in Sources */ = {isa = PBXBuildFile; fileRef = B03F2C0E2040A96D0067CC1E /* TeamworkSampleUITests.swift */; };
		C8F19D24DF7540B42437411F /* Pods_TeamworkSample.framework in Frameworks */ = {isa = PBXBuildFile; fileRef = E5B8EF9BBD94EF0A37CBE4F5 /* Pods_TeamworkSample.framework */; };
/* End PBXBuildFile section */

/* Begin PBXContainerItemProxy section */
		B03F2C002040A96D0067CC1E /* PBXContainerItemProxy */ = {
			isa = PBXContainerItemProxy;
			containerPortal = B03F2BE32040A96D0067CC1E /* Project object */;
			proxyType = 1;
			remoteGlobalIDString = B03F2BEA2040A96D0067CC1E;
			remoteInfo = TeamworkSample;
		};
		B03F2C0B2040A96D0067CC1E /* PBXContainerItemProxy */ = {
			isa = PBXContainerItemProxy;
			containerPortal = B03F2BE32040A96D0067CC1E /* Project object */;
			proxyType = 1;
			remoteGlobalIDString = B03F2BEA2040A96D0067CC1E;
			remoteInfo = TeamworkSample;
		};
/* End PBXContainerItemProxy section */

/* Begin PBXFileReference section */
		0CE82D04A6182884B9B695A3 /* Pods-TeamworkSampleTests.debug.xcconfig */ = {isa = PBXFileReference; includeInIndex = 1; lastKnownFileType = text.xcconfig; name = "Pods-TeamworkSampleTests.debug.xcconfig"; path = "Pods/Target Support Files/Pods-TeamworkSampleTests/Pods-TeamworkSampleTests.debug.xcconfig"; sourceTree = "<group>"; };
		256049B2C7985C54999E42AB /* Pods-TeamworkSample.release.xcconfig */ = {isa = PBXFileReference; includeInIndex = 1; lastKnownFileType = text.xcconfig; name = "Pods-TeamworkSample.release.xcconfig"; path = "Pods/Target Support Files/Pods-TeamworkSample/Pods-TeamworkSample.release.xcconfig"; sourceTree = "<group>"; };
		42D9784900E911F9E7F56736 /* Pods-TeamworkSampleUITests.release.xcconfig */ = {isa = PBXFileReference; includeInIndex = 1; lastKnownFileType = text.xcconfig; name = "Pods-TeamworkSampleUITests.release.xcconfig"; path = "Pods/Target Support Files/Pods-TeamworkSampleUITests/Pods-TeamworkSampleUITests.release.xcconfig"; sourceTree = "<group>"; };
		4AB2E5F96AE3BE7617B907AD /* Pods-TeamworkSampleTests.release.xcconfig */ = {isa = PBXFileReference; includeInIndex = 1; lastKnownFileType = text.xcconfig; name = "Pods-TeamworkSampleTests.release.xcconfig"; path = "Pods/Target Support Files/Pods-TeamworkSampleTests/Pods-TeamworkSampleTests.release.xcconfig"; sourceTree = "<group>"; };
		5CE450A620A9EDD86C94172A /* Pods-TeamworkSampleUITests.debug.xcconfig */ = {isa = PBXFileReference; includeInIndex = 1; lastKnownFileType = text.xcconfig; name = "Pods-TeamworkSampleUITests.debug.xcconfig"; path = "Pods/Target Support Files/Pods-TeamworkSampleUITests/Pods-TeamworkSampleUITests.debug.xcconfig"; sourceTree = "<group>"; };
		6034BF3C6E8A6B7E83E03A57 /* Pods_TeamworkSampleUITests.framework */ = {isa = PBXFileReference; explicitFileType = wrapper.framework; includeInIndex = 0; path = Pods_TeamworkSampleUITests.framework; sourceTree = BUILT_PRODUCTS_DIR; };
		A7FED5CD26DA32383A63F595 /* Pods_TeamworkSampleTests.framework */ = {isa = PBXFileReference; explicitFileType = wrapper.framework; includeInIndex = 0; path = Pods_TeamworkSampleTests.framework; sourceTree = BUILT_PRODUCTS_DIR; };
		B02D9ECF204163D20044BB0E /* TaskList.swift */ = {isa = PBXFileReference; fileEncoding = 4; lastKnownFileType = sourcecode.swift; path = TaskList.swift; sourceTree = "<group>"; };
		B02D9ED2204164010044BB0E /* TaskListCell.swift */ = {isa = PBXFileReference; fileEncoding = 4; lastKnownFileType = sourcecode.swift; path = TaskListCell.swift; sourceTree = "<group>"; };
		B02D9ED3204164010044BB0E /* TaskListsViewController.swift */ = {isa = PBXFileReference; fileEncoding = 4; lastKnownFileType = sourcecode.swift; path = TaskListsViewController.swift; sourceTree = "<group>"; };
		B02D9ED4204164010044BB0E /* OneTaskListViewModel.swift */ = {isa = PBXFileReference; fileEncoding = 4; lastKnownFileType = sourcecode.swift; path = OneTaskListViewModel.swift; sourceTree = "<group>"; };
		B02D9ED5204164010044BB0E /* TaskListsViewModel.swift */ = {isa = PBXFileReference; fileEncoding = 4; lastKnownFileType = sourcecode.swift; path = TaskListsViewModel.swift; sourceTree = "<group>"; };
		B02D9EDA204176430044BB0E /* DateBadgeView.swift */ = {isa = PBXFileReference; lastKnownFileType = sourcecode.swift; path = DateBadgeView.swift; sourceTree = "<group>"; };
		B02D9EDC204178430044BB0E /* ProjectOverviewView.swift */ = {isa = PBXFileReference; lastKnownFileType = sourcecode.swift; path = ProjectOverviewView.swift; sourceTree = "<group>"; };
		B0342AFF2040AB8200631CF7 /* Main.storyboard */ = {isa = PBXFileReference; lastKnownFileType = file.storyboard; path = Main.storyboard; sourceTree = "<group>"; };
		B0342B012040AC4F00631CF7 /* Router.swift */ = {isa = PBXFileReference; lastKnownFileType = sourcecode.swift; path = Router.swift; sourceTree = "<group>"; };
		B0342B532040BE8F00631CF7 /* Teamwork.plist */ = {isa = PBXFileReference; lastKnownFileType = text.plist.xml; path = Teamwork.plist; sourceTree = "<group>"; };
		B0342B552040BEE600631CF7 /* Types.swift */ = {isa = PBXFileReference; lastKnownFileType = sourcecode.swift; path = Types.swift; sourceTree = "<group>"; };
		B0342B572040BF1200631CF7 /* RouterConfig.swift */ = {isa = PBXFileReference; lastKnownFileType = sourcecode.swift; path = RouterConfig.swift; sourceTree = "<group>"; };
		B0342B5A2040C38300631CF7 /* Project.swift */ = {isa = PBXFileReference; lastKnownFileType = sourcecode.swift; path = Project.swift; sourceTree = "<group>"; };
		B0342B5C2040C39400631CF7 /* ApiObject.swift */ = {isa = PBXFileReference; lastKnownFileType = sourcecode.swift; path = ApiObject.swift; sourceTree = "<group>"; };
		B0342B5F2040C58D00631CF7 /* StoryboardContext.swift */ = {isa = PBXFileReference; lastKnownFileType = sourcecode.swift; path = StoryboardContext.swift; sourceTree = "<group>"; };
		B0342B612040C5AD00631CF7 /* MainStoryboard.swift */ = {isa = PBXFileReference; lastKnownFileType = sourcecode.swift; path = MainStoryboard.swift; sourceTree = "<group>"; };
		B0342B642040C69600631CF7 /* ProjectsViewController.swift */ = {isa = PBXFileReference; lastKnownFileType = sourcecode.swift; path = ProjectsViewController.swift; sourceTree = "<group>"; };
		B0342B672040C6A600631CF7 /* BaseViewController.swift */ = {isa = PBXFileReference; lastKnownFileType = sourcecode.swift; path = BaseViewController.swift; sourceTree = "<group>"; };
		B0342B692040C6DC00631CF7 /* BaseTableViewController.swift */ = {isa = PBXFileReference; lastKnownFileType = sourcecode.swift; path = BaseTableViewController.swift; sourceTree = "<group>"; };
		B0342B6B2040C73E00631CF7 /* BaseTableViewCell.swift */ = {isa = PBXFileReference; lastKnownFileType = sourcecode.swift; path = BaseTableViewCell.swift; sourceTree = "<group>"; };
		B0342B6D2040C79F00631CF7 /* ProjectsViewModel.swift */ = {isa = PBXFileReference; lastKnownFileType = sourcecode.swift; path = ProjectsViewModel.swift; sourceTree = "<group>"; };
		B0342B6F2040C82900631CF7 /* ProjectsApi.swift */ = {isa = PBXFileReference; lastKnownFileType = sourcecode.swift; path = ProjectsApi.swift; sourceTree = "<group>"; };
		B0342B712040C9D800631CF7 /* BaseViewModel.swift */ = {isa = PBXFileReference; lastKnownFileType = sourcecode.swift; path = BaseViewModel.swift; sourceTree = "<group>"; };
		B0342B742040CA2400631CF7 /* BaseApi.swift */ = {isa = PBXFileReference; lastKnownFileType = sourcecode.swift; path = BaseApi.swift; sourceTree = "<group>"; };
		B0342B762040D4CA00631CF7 /* ProjectCell.swift */ = {isa = PBXFileReference; lastKnownFileType = sourcecode.swift; path = ProjectCell.swift; sourceTree = "<group>"; };
		B0342B782040D69E00631CF7 /* OneProjectViewModel.swift */ = {isa = PBXFileReference; lastKnownFileType = sourcecode.swift; path = OneProjectViewModel.swift; sourceTree = "<group>"; };
		B0342B7A2040DB1200631CF7 /* Extensions.swift */ = {isa = PBXFileReference; lastKnownFileType = sourcecode.swift; path = Extensions.swift; sourceTree = "<group>"; };
		B0342B7C2040DB3200631CF7 /* Localizable.strings */ = {isa = PBXFileReference; lastKnownFileType = text.plist.strings; path = Localizable.strings; sourceTree = "<group>"; };
		B0342B7F2040E16300631CF7 /* Task.swift */ = {isa = PBXFileReference; lastKnownFileType = sourcecode.swift; path = Task.swift; sourceTree = "<group>"; };
		B0342B812040E16B00631CF7 /* TaskApi.swift */ = {isa = PBXFileReference; lastKnownFileType = sourcecode.swift; path = TaskApi.swift; sourceTree = "<group>"; };
		B0342B842040E3CC00631CF7 /* TasksViewController.swift */ = {isa = PBXFileReference; lastKnownFileType = sourcecode.swift; path = TasksViewController.swift; sourceTree = "<group>"; };
		B0342B862040E3D600631CF7 /* OneTaskViewModel.swift */ = {isa = PBXFileReference; lastKnownFileType = sourcecode.swift; path = OneTaskViewModel.swift; sourceTree = "<group>"; };
		B0342B882040E3E000631CF7 /* TasksViewModel.swift */ = {isa = PBXFileReference; lastKnownFileType = sourcecode.swift; path = TasksViewModel.swift; sourceTree = "<group>"; };
		B0342B8A2040E3EA00631CF7 /* TaskCell.swift */ = {isa = PBXFileReference; lastKnownFileType = sourcecode.swift; path = TaskCell.swift; sourceTree = "<group>"; };
		B0342B8E2040FBC000631CF7 /* DateUtils.swift */ = {isa = PBXFileReference; lastKnownFileType = sourcecode.swift; path = DateUtils.swift; sourceTree = "<group>"; };
		B0342B902041038E00631CF7 /* ProgressFillView.swift */ = {isa = PBXFileReference; lastKnownFileType = sourcecode.swift; path = ProgressFillView.swift; sourceTree = "<group>"; };
		B0342B922041097F00631CF7 /* Visuals.swift */ = {isa = PBXFileReference; lastKnownFileType = sourcecode.swift; path = Visuals.swift; sourceTree = "<group>"; };
		B03F2BEB2040A96D0067CC1E /* TeamworkSample.app */ = {isa = PBXFileReference; explicitFileType = wrapper.application; includeInIndex = 0; path = TeamworkSample.app; sourceTree = BUILT_PRODUCTS_DIR; };
		B03F2BEE2040A96D0067CC1E /* AppDelegate.swift */ = {isa = PBXFileReference; lastKnownFileType = sourcecode.swift; path = AppDelegate.swift; sourceTree = "<group>"; };
		B03F2BF52040A96D0067CC1E /* Assets.xcassets */ = {isa = PBXFileReference; lastKnownFileType = folder.assetcatalog; path = Assets.xcassets; sourceTree = "<group>"; };
		B03F2BF82040A96D0067CC1E /* Base */ = {isa = PBXFileReference; lastKnownFileType = file.storyboard; name = Base; path = Base.lproj/LaunchScreen.storyboard; sourceTree = "<group>"; };
		B03F2BFA2040A96D0067CC1E /* Info.plist */ = {isa = PBXFileReference; lastKnownFileType = text.plist.xml; path = Info.plist; sourceTree = "<group>"; };
		B03F2BFF2040A96D0067CC1E /* TeamworkSampleTests.xctest */ = {isa = PBXFileReference; explicitFileType = wrapper.cfbundle; includeInIndex = 0; path = TeamworkSampleTests.xctest; sourceTree = BUILT_PRODUCTS_DIR; };
		B03F2C032040A96D0067CC1E /* TeamworkSampleTests.swift */ = {isa = PBXFileReference; lastKnownFileType = sourcecode.swift; path = TeamworkSampleTests.swift; sourceTree = "<group>"; };
		B03F2C052040A96D0067CC1E /* Info.plist */ = {isa = PBXFileReference; lastKnownFileType = text.plist.xml; path = Info.plist; sourceTree = "<group>"; };
		B03F2C0A2040A96D0067CC1E /* TeamworkSampleUITests.xctest */ = {isa = PBXFileReference; explicitFileType = wrapper.cfbundle; includeInIndex = 0; path = TeamworkSampleUITests.xctest; sourceTree = BUILT_PRODUCTS_DIR; };
		B03F2C0E2040A96D0067CC1E /* TeamworkSampleUITests.swift */ = {isa = PBXFileReference; lastKnownFileType = sourcecode.swift; path = TeamworkSampleUITests.swift; sourceTree = "<group>"; };
		B03F2C102040A96D0067CC1E /* Info.plist */ = {isa = PBXFileReference; lastKnownFileType = text.plist.xml; path = Info.plist; sourceTree = "<group>"; };
		BA11B4BE699C9A405EB6C7D3 /* Pods-TeamworkSample.debug.xcconfig */ = {isa = PBXFileReference; includeInIndex = 1; lastKnownFileType = text.xcconfig; name = "Pods-TeamworkSample.debug.xcconfig"; path = "Pods/Target Support Files/Pods-TeamworkSample/Pods-TeamworkSample.debug.xcconfig"; sourceTree = "<group>"; };
		E5B8EF9BBD94EF0A37CBE4F5 /* Pods_TeamworkSample.framework */ = {isa = PBXFileReference; explicitFileType = wrapper.framework; includeInIndex = 0; path = Pods_TeamworkSample.framework; sourceTree = BUILT_PRODUCTS_DIR; };
/* End PBXFileReference section */

/* Begin PBXFrameworksBuildPhase section */
		B03F2BE82040A96D0067CC1E /* Frameworks */ = {
			isa = PBXFrameworksBuildPhase;
			buildActionMask = 2147483647;
			files = (
				C8F19D24DF7540B42437411F /* Pods_TeamworkSample.framework in Frameworks */,
			);
			runOnlyForDeploymentPostprocessing = 0;
		};
		B03F2BFC2040A96D0067CC1E /* Frameworks */ = {
			isa = PBXFrameworksBuildPhase;
			buildActionMask = 2147483647;
			files = (
				6242037AA738E6B820D091D4 /* Pods_TeamworkSampleTests.framework in Frameworks */,
			);
			runOnlyForDeploymentPostprocessing = 0;
		};
		B03F2C072040A96D0067CC1E /* Frameworks */ = {
			isa = PBXFrameworksBuildPhase;
			buildActionMask = 2147483647;
			files = (
				2E8B939B3C16F0C0549788B8 /* Pods_TeamworkSampleUITests.framework in Frameworks */,
			);
			runOnlyForDeploymentPostprocessing = 0;
		};
/* End PBXFrameworksBuildPhase section */

/* Begin PBXGroup section */
		3F1C82106D314801DD0A4D10 /* Frameworks */ = {
			isa = PBXGroup;
			children = (
				E5B8EF9BBD94EF0A37CBE4F5 /* Pods_TeamworkSample.framework */,
				A7FED5CD26DA32383A63F595 /* Pods_TeamworkSampleTests.framework */,
				6034BF3C6E8A6B7E83E03A57 /* Pods_TeamworkSampleUITests.framework */,
			);
			name = Frameworks;
			sourceTree = "<group>";
		};
		A6858D81E15D02202E337A78 /* Pods */ = {
			isa = PBXGroup;
			children = (
				BA11B4BE699C9A405EB6C7D3 /* Pods-TeamworkSample.debug.xcconfig */,
				256049B2C7985C54999E42AB /* Pods-TeamworkSample.release.xcconfig */,
				0CE82D04A6182884B9B695A3 /* Pods-TeamworkSampleTests.debug.xcconfig */,
				4AB2E5F96AE3BE7617B907AD /* Pods-TeamworkSampleTests.release.xcconfig */,
				5CE450A620A9EDD86C94172A /* Pods-TeamworkSampleUITests.debug.xcconfig */,
				42D9784900E911F9E7F56736 /* Pods-TeamworkSampleUITests.release.xcconfig */,
			);
			name = Pods;
			sourceTree = "<group>";
		};
		B02D9ED1204163E20044BB0E /* task-lists */ = {
			isa = PBXGroup;
			children = (
				B02D9ED4204164010044BB0E /* OneTaskListViewModel.swift */,
				B02D9ED5204164010044BB0E /* TaskListsViewModel.swift */,
				B02D9ED3204164010044BB0E /* TaskListsViewController.swift */,
				B02D9ED2204164010044BB0E /* TaskListCell.swift */,
				B02D9EDC204178430044BB0E /* ProjectOverviewView.swift */,
			);
			path = "task-lists";
			sourceTree = "<group>";
		};
		B0342AFC2040AB6200631CF7 /* core */ = {
			isa = PBXGroup;
			children = (
				B0342B552040BEE600631CF7 /* Types.swift */,
				B0342B7A2040DB1200631CF7 /* Extensions.swift */,
				B0342B8E2040FBC000631CF7 /* DateUtils.swift */,
				B0342B922041097F00631CF7 /* Visuals.swift */,
			);
			path = core;
			sourceTree = "<group>";
		};
		B0342AFD2040AB6700631CF7 /* controllers */ = {
			isa = PBXGroup;
			children = (
				B0342B662040C69B00631CF7 /* common */,
				B0342B632040C68700631CF7 /* projects */,
				B02D9ED1204163E20044BB0E /* task-lists */,
				B0342B832040E3B500631CF7 /* tasks */,
			);
			path = controllers;
			sourceTree = "<group>";
		};
		B0342AFE2040AB6B00631CF7 /* views */ = {
			isa = PBXGroup;
			children = (
				B0342B5E2040C58100631CF7 /* storyboards */,
				B03F2BF72040A96D0067CC1E /* LaunchScreen.storyboard */,
				B0342AFF2040AB8200631CF7 /* Main.storyboard */,
			);
			path = views;
			sourceTree = "<group>";
		};
		B0342B592040BF5200631CF7 /* api */ = {
			isa = PBXGroup;
			children = (
				B0342B572040BF1200631CF7 /* RouterConfig.swift */,
				B0342B012040AC4F00631CF7 /* Router.swift */,
				B0342B742040CA2400631CF7 /* BaseApi.swift */,
				B0342B5C2040C39400631CF7 /* ApiObject.swift */,
				B0342B732040C9F400631CF7 /* projects */,
				B0342B7E2040E15100631CF7 /* tasks */,
			);
			path = api;
			sourceTree = "<group>";
		};
		B0342B5E2040C58100631CF7 /* storyboards */ = {
			isa = PBXGroup;
			children = (
				B0342B5F2040C58D00631CF7 /* StoryboardContext.swift */,
				B0342B612040C5AD00631CF7 /* MainStoryboard.swift */,
			);
			path = storyboards;
			sourceTree = "<group>";
		};
		B0342B632040C68700631CF7 /* projects */ = {
			isa = PBXGroup;
			children = (
				B0342B782040D69E00631CF7 /* OneProjectViewModel.swift */,
				B0342B6D2040C79F00631CF7 /* ProjectsViewModel.swift */,
				B0342B642040C69600631CF7 /* ProjectsViewController.swift */,
				B0342B762040D4CA00631CF7 /* ProjectCell.swift */,
			);
			path = projects;
			sourceTree = "<group>";
		};
		B0342B662040C69B00631CF7 /* common */ = {
			isa = PBXGroup;
			children = (
				B0342B712040C9D800631CF7 /* BaseViewModel.swift */,
				B0342B672040C6A600631CF7 /* BaseViewController.swift */,
				B0342B692040C6DC00631CF7 /* BaseTableViewController.swift */,
				B0342B6B2040C73E00631CF7 /* BaseTableViewCell.swift */,
				B0342B902041038E00631CF7 /* ProgressFillView.swift */,
				B02D9EDA204176430044BB0E /* DateBadgeView.swift */,
			);
			path = common;
			sourceTree = "<group>";
		};
		B0342B732040C9F400631CF7 /* projects */ = {
			isa = PBXGroup;
			children = (
				B0342B6F2040C82900631CF7 /* ProjectsApi.swift */,
				B0342B5A2040C38300631CF7 /* Project.swift */,
			);
			path = projects;
			sourceTree = "<group>";
		};
		B0342B7E2040E15100631CF7 /* tasks */ = {
			isa = PBXGroup;
			children = (
				B0342B812040E16B00631CF7 /* TaskApi.swift */,
				B0342B7F2040E16300631CF7 /* Task.swift */,
				B02D9ECF204163D20044BB0E /* TaskList.swift */,
			);
			path = tasks;
			sourceTree = "<group>";
		};
		B0342B832040E3B500631CF7 /* tasks */ = {
			isa = PBXGroup;
			children = (
				B0342B862040E3D600631CF7 /* OneTaskViewModel.swift */,
				B0342B882040E3E000631CF7 /* TasksViewModel.swift */,
				B0342B842040E3CC00631CF7 /* TasksViewController.swift */,
				B0342B8A2040E3EA00631CF7 /* TaskCell.swift */,
			);
			path = tasks;
			sourceTree = "<group>";
		};
		B03F2BE22040A96D0067CC1E = {
			isa = PBXGroup;
			children = (
				B03F2BED2040A96D0067CC1E /* TeamworkSample */,
				B03F2C022040A96D0067CC1E /* TeamworkSampleTests */,
				B03F2C0D2040A96D0067CC1E /* TeamworkSampleUITests */,
				B03F2BEC2040A96D0067CC1E /* Products */,
				A6858D81E15D02202E337A78 /* Pods */,
				3F1C82106D314801DD0A4D10 /* Frameworks */,
			);
			sourceTree = "<group>";
		};
		B03F2BEC2040A96D0067CC1E /* Products */ = {
			isa = PBXGroup;
			children = (
				B03F2BEB2040A96D0067CC1E /* TeamworkSample.app */,
				B03F2BFF2040A96D0067CC1E /* TeamworkSampleTests.xctest */,
				B03F2C0A2040A96D0067CC1E /* TeamworkSampleUITests.xctest */,
			);
			name = Products;
			sourceTree = "<group>";
		};
		B03F2BED2040A96D0067CC1E /* TeamworkSample */ = {
			isa = PBXGroup;
			children = (
				B03F2BEE2040A96D0067CC1E /* AppDelegate.swift */,
				B03F2BFA2040A96D0067CC1E /* Info.plist */,
				B0342B532040BE8F00631CF7 /* Teamwork.plist */,
				B0342B7C2040DB3200631CF7 /* Localizable.strings */,
				B03F2BF52040A96D0067CC1E /* Assets.xcassets */,
				B0342B592040BF5200631CF7 /* api */,
				B0342AFC2040AB6200631CF7 /* core */,
				B0342AFE2040AB6B00631CF7 /* views */,
				B0342AFD2040AB6700631CF7 /* controllers */,
			);
			path = TeamworkSample;
			sourceTree = "<group>";
		};
		B03F2C022040A96D0067CC1E /* TeamworkSampleTests */ = {
			isa = PBXGroup;
			children = (
				B03F2C032040A96D0067CC1E /* TeamworkSampleTests.swift */,
				B03F2C052040A96D0067CC1E /* Info.plist */,
			);
			path = TeamworkSampleTests;
			sourceTree = "<group>";
		};
		B03F2C0D2040A96D0067CC1E /* TeamworkSampleUITests */ = {
			isa = PBXGroup;
			children = (
				B03F2C0E2040A96D0067CC1E /* TeamworkSampleUITests.swift */,
				B03F2C102040A96D0067CC1E /* Info.plist */,
			);
			path = TeamworkSampleUITests;
			sourceTree = "<group>";
		};
/* End PBXGroup section */

/* Begin PBXNativeTarget section */
		B03F2BEA2040A96D0067CC1E /* TeamworkSample */ = {
			isa = PBXNativeTarget;
			buildConfigurationList = B03F2C132040A96D0067CC1E /* Build configuration list for PBXNativeTarget "TeamworkSample" */;
			buildPhases = (
				A8A69525279D993F203A3ADC /* [CP] Check Pods Manifest.lock */,
				B03F2BE72040A96D0067CC1E /* Sources */,
				B03F2BE82040A96D0067CC1E /* Frameworks */,
				B03F2BE92040A96D0067CC1E /* Resources */,
				34E4A76BA2A62449537F72D9 /* [CP] Embed Pods Frameworks */,
				361A4AD2BC3F5B58488D3F9D /* [CP] Copy Pods Resources */,
			);
			buildRules = (
			);
			dependencies = (
			);
			name = TeamworkSample;
			productName = TeamworkSample;
			productReference = B03F2BEB2040A96D0067CC1E /* TeamworkSample.app */;
			productType = "com.apple.product-type.application";
		};
		B03F2BFE2040A96D0067CC1E /* TeamworkSampleTests */ = {
			isa = PBXNativeTarget;
			buildConfigurationList = B03F2C162040A96D0067CC1E /* Build configuration list for PBXNativeTarget "TeamworkSampleTests" */;
			buildPhases = (
				0629417B6507B6D7ED6FDF4C /* [CP] Check Pods Manifest.lock */,
				B03F2BFB2040A96D0067CC1E /* Sources */,
				B03F2BFC2040A96D0067CC1E /* Frameworks */,
				B03F2BFD2040A96D0067CC1E /* Resources */,
				D26E9DDB33D711BD2EA27FBB /* [CP] Embed Pods Frameworks */,
				59CCA397F41EA30742473935 /* [CP] Copy Pods Resources */,
			);
			buildRules = (
			);
			dependencies = (
				B03F2C012040A96D0067CC1E /* PBXTargetDependency */,
			);
			name = TeamworkSampleTests;
			productName = TeamworkSampleTests;
			productReference = B03F2BFF2040A96D0067CC1E /* TeamworkSampleTests.xctest */;
			productType = "com.apple.product-type.bundle.unit-test";
		};
		B03F2C092040A96D0067CC1E /* TeamworkSampleUITests */ = {
			isa = PBXNativeTarget;
			buildConfigurationList = B03F2C192040A96D0067CC1E /* Build configuration list for PBXNativeTarget "TeamworkSampleUITests" */;
			buildPhases = (
				5BA5AA561161144DF0E60A82 /* [CP] Check Pods Manifest.lock */,
				B03F2C062040A96D0067CC1E /* Sources */,
				B03F2C072040A96D0067CC1E /* Frameworks */,
				B03F2C082040A96D0067CC1E /* Resources */,
				F5AF54C2BA1A41A0684CB227 /* [CP] Embed Pods Frameworks */,
				2FA56CFB7CAED5DB22DE4563 /* [CP] Copy Pods Resources */,
			);
			buildRules = (
			);
			dependencies = (
				B03F2C0C2040A96D0067CC1E /* PBXTargetDependency */,
			);
			name = TeamworkSampleUITests;
			productName = TeamworkSampleUITests;
			productReference = B03F2C0A2040A96D0067CC1E /* TeamworkSampleUITests.xctest */;
			productType = "com.apple.product-type.bundle.ui-testing";
		};
/* End PBXNativeTarget section */

/* Begin PBXProject section */
		B03F2BE32040A96D0067CC1E /* Project object */ = {
			isa = PBXProject;
			attributes = {
				LastSwiftUpdateCheck = 0920;
				LastUpgradeCheck = 0920;
				ORGANIZATIONNAME = "Thiago Ricieri";
				TargetAttributes = {
					B03F2BEA2040A96D0067CC1E = {
						CreatedOnToolsVersion = 9.2;
						ProvisioningStyle = Automatic;
					};
					B03F2BFE2040A96D0067CC1E = {
						CreatedOnToolsVersion = 9.2;
						ProvisioningStyle = Automatic;
						TestTargetID = B03F2BEA2040A96D0067CC1E;
					};
					B03F2C092040A96D0067CC1E = {
						CreatedOnToolsVersion = 9.2;
						ProvisioningStyle = Automatic;
						TestTargetID = B03F2BEA2040A96D0067CC1E;
					};
				};
			};
			buildConfigurationList = B03F2BE62040A96D0067CC1E /* Build configuration list for PBXProject "TeamworkSample" */;
			compatibilityVersion = "Xcode 8.0";
			developmentRegion = en;
			hasScannedForEncodings = 0;
			knownRegions = (
				en,
				Base,
			);
			mainGroup = B03F2BE22040A96D0067CC1E;
			productRefGroup = B03F2BEC2040A96D0067CC1E /* Products */;
			projectDirPath = "";
			projectRoot = "";
			targets = (
				B03F2BEA2040A96D0067CC1E /* TeamworkSample */,
				B03F2BFE2040A96D0067CC1E /* TeamworkSampleTests */,
				B03F2C092040A96D0067CC1E /* TeamworkSampleUITests */,
			);
		};
/* End PBXProject section */

/* Begin PBXResourcesBuildPhase section */
		B03F2BE92040A96D0067CC1E /* Resources */ = {
			isa = PBXResourcesBuildPhase;
			buildActionMask = 2147483647;
			files = (
				B0342B7D2040DB3200631CF7 /* Localizable.strings in Resources */,
				B03F2BF92040A96D0067CC1E /* LaunchScreen.storyboard in Resources */,
				B03F2BF62040A96D0067CC1E /* Assets.xcassets in Resources */,
				B0342B542040BE8F00631CF7 /* Teamwork.plist in Resources */,
				B0342B002040AB8200631CF7 /* Main.storyboard in Resources */,
			);
			runOnlyForDeploymentPostprocessing = 0;
		};
		B03F2BFD2040A96D0067CC1E /* Resources */ = {
			isa = PBXResourcesBuildPhase;
			buildActionMask = 2147483647;
			files = (
			);
			runOnlyForDeploymentPostprocessing = 0;
		};
		B03F2C082040A96D0067CC1E /* Resources */ = {
			isa = PBXResourcesBuildPhase;
			buildActionMask = 2147483647;
			files = (
			);
			runOnlyForDeploymentPostprocessing = 0;
		};
/* End PBXResourcesBuildPhase section */

/* Begin PBXShellScriptBuildPhase section */
		0629417B6507B6D7ED6FDF4C /* [CP] Check Pods Manifest.lock */ = {
			isa = PBXShellScriptBuildPhase;
			buildActionMask = 2147483647;
			files = (
			);
			inputPaths = (
				"${PODS_PODFILE_DIR_PATH}/Podfile.lock",
				"${PODS_ROOT}/Manifest.lock",
			);
			name = "[CP] Check Pods Manifest.lock";
			outputPaths = (
				"$(DERIVED_FILE_DIR)/Pods-TeamworkSampleTests-checkManifestLockResult.txt",
			);
			runOnlyForDeploymentPostprocessing = 0;
			shellPath = /bin/sh;
			shellScript = "diff \"${PODS_PODFILE_DIR_PATH}/Podfile.lock\" \"${PODS_ROOT}/Manifest.lock\" > /dev/null\nif [ $? != 0 ] ; then\n    # print error to STDERR\n    echo \"error: The sandbox is not in sync with the Podfile.lock. Run 'pod install' or update your CocoaPods installation.\" >&2\n    exit 1\nfi\n# This output is used by Xcode 'outputs' to avoid re-running this script phase.\necho \"SUCCESS\" > \"${SCRIPT_OUTPUT_FILE_0}\"\n";
			showEnvVarsInLog = 0;
		};
		2FA56CFB7CAED5DB22DE4563 /* [CP] Copy Pods Resources */ = {
			isa = PBXShellScriptBuildPhase;
			buildActionMask = 2147483647;
			files = (
			);
			inputPaths = (
			);
			name = "[CP] Copy Pods Resources";
			outputPaths = (
			);
			runOnlyForDeploymentPostprocessing = 0;
			shellPath = /bin/sh;
			shellScript = "\"${SRCROOT}/Pods/Target Support Files/Pods-TeamworkSampleUITests/Pods-TeamworkSampleUITests-resources.sh\"\n";
			showEnvVarsInLog = 0;
		};
		34E4A76BA2A62449537F72D9 /* [CP] Embed Pods Frameworks */ = {
			isa = PBXShellScriptBuildPhase;
			buildActionMask = 2147483647;
			files = (
			);
			inputPaths = (
				"${SRCROOT}/Pods/Target Support Files/Pods-TeamworkSample/Pods-TeamworkSample-frameworks.sh",
				"${BUILT_PRODUCTS_DIR}/Alamofire/Alamofire.framework",
				"${BUILT_PRODUCTS_DIR}/MBProgressHUD/MBProgressHUD.framework",
				"${BUILT_PRODUCTS_DIR}/SDWebImage/SDWebImage.framework",
			);
			name = "[CP] Embed Pods Frameworks";
			outputPaths = (
				"${TARGET_BUILD_DIR}/${FRAMEWORKS_FOLDER_PATH}/Alamofire.framework",
				"${TARGET_BUILD_DIR}/${FRAMEWORKS_FOLDER_PATH}/MBProgressHUD.framework",
				"${TARGET_BUILD_DIR}/${FRAMEWORKS_FOLDER_PATH}/SDWebImage.framework",
			);
			runOnlyForDeploymentPostprocessing = 0;
			shellPath = /bin/sh;
			shellScript = "\"${SRCROOT}/Pods/Target Support Files/Pods-TeamworkSample/Pods-TeamworkSample-frameworks.sh\"\n";
			showEnvVarsInLog = 0;
		};
		361A4AD2BC3F5B58488D3F9D /* [CP] Copy Pods Resources */ = {
			isa = PBXShellScriptBuildPhase;
			buildActionMask = 2147483647;
			files = (
			);
			inputPaths = (
			);
			name = "[CP] Copy Pods Resources";
			outputPaths = (
			);
			runOnlyForDeploymentPostprocessing = 0;
			shellPath = /bin/sh;
			shellScript = "\"${SRCROOT}/Pods/Target Support Files/Pods-TeamworkSample/Pods-TeamworkSample-resources.sh\"\n";
			showEnvVarsInLog = 0;
		};
		59CCA397F41EA30742473935 /* [CP] Copy Pods Resources */ = {
			isa = PBXShellScriptBuildPhase;
			buildActionMask = 2147483647;
			files = (
			);
			inputPaths = (
			);
			name = "[CP] Copy Pods Resources";
			outputPaths = (
			);
			runOnlyForDeploymentPostprocessing = 0;
			shellPath = /bin/sh;
			shellScript = "\"${SRCROOT}/Pods/Target Support Files/Pods-TeamworkSampleTests/Pods-TeamworkSampleTests-resources.sh\"\n";
			showEnvVarsInLog = 0;
		};
		5BA5AA561161144DF0E60A82 /* [CP] Check Pods Manifest.lock */ = {
			isa = PBXShellScriptBuildPhase;
			buildActionMask = 2147483647;
			files = (
			);
			inputPaths = (
				"${PODS_PODFILE_DIR_PATH}/Podfile.lock",
				"${PODS_ROOT}/Manifest.lock",
			);
			name = "[CP] Check Pods Manifest.lock";
			outputPaths = (
				"$(DERIVED_FILE_DIR)/Pods-TeamworkSampleUITests-checkManifestLockResult.txt",
			);
			runOnlyForDeploymentPostprocessing = 0;
			shellPath = /bin/sh;
			shellScript = "diff \"${PODS_PODFILE_DIR_PATH}/Podfile.lock\" \"${PODS_ROOT}/Manifest.lock\" > /dev/null\nif [ $? != 0 ] ; then\n    # print error to STDERR\n    echo \"error: The sandbox is not in sync with the Podfile.lock. Run 'pod install' or update your CocoaPods installation.\" >&2\n    exit 1\nfi\n# This output is used by Xcode 'outputs' to avoid re-running this script phase.\necho \"SUCCESS\" > \"${SCRIPT_OUTPUT_FILE_0}\"\n";
			showEnvVarsInLog = 0;
		};
		A8A69525279D993F203A3ADC /* [CP] Check Pods Manifest.lock */ = {
			isa = PBXShellScriptBuildPhase;
			buildActionMask = 2147483647;
			files = (
			);
			inputPaths = (
				"${PODS_PODFILE_DIR_PATH}/Podfile.lock",
				"${PODS_ROOT}/Manifest.lock",
			);
			name = "[CP] Check Pods Manifest.lock";
			outputPaths = (
				"$(DERIVED_FILE_DIR)/Pods-TeamworkSample-checkManifestLockResult.txt",
			);
			runOnlyForDeploymentPostprocessing = 0;
			shellPath = /bin/sh;
			shellScript = "diff \"${PODS_PODFILE_DIR_PATH}/Podfile.lock\" \"${PODS_ROOT}/Manifest.lock\" > /dev/null\nif [ $? != 0 ] ; then\n    # print error to STDERR\n    echo \"error: The sandbox is not in sync with the Podfile.lock. Run 'pod install' or update your CocoaPods installation.\" >&2\n    exit 1\nfi\n# This output is used by Xcode 'outputs' to avoid re-running this script phase.\necho \"SUCCESS\" > \"${SCRIPT_OUTPUT_FILE_0}\"\n";
			showEnvVarsInLog = 0;
		};
		D26E9DDB33D711BD2EA27FBB /* [CP] Embed Pods Frameworks */ = {
			isa = PBXShellScriptBuildPhase;
			buildActionMask = 2147483647;
			files = (
			);
			inputPaths = (
			);
			name = "[CP] Embed Pods Frameworks";
			outputPaths = (
			);
			runOnlyForDeploymentPostprocessing = 0;
			shellPath = /bin/sh;
			shellScript = "\"${SRCROOT}/Pods/Target Support Files/Pods-TeamworkSampleTests/Pods-TeamworkSampleTests-frameworks.sh\"\n";
			showEnvVarsInLog = 0;
		};
		F5AF54C2BA1A41A0684CB227 /* [CP] Embed Pods Frameworks */ = {
			isa = PBXShellScriptBuildPhase;
			buildActionMask = 2147483647;
			files = (
			);
			inputPaths = (
			);
			name = "[CP] Embed Pods Frameworks";
			outputPaths = (
			);
			runOnlyForDeploymentPostprocessing = 0;
			shellPath = /bin/sh;
			shellScript = "\"${SRCROOT}/Pods/Target Support Files/Pods-TeamworkSampleUITests/Pods-TeamworkSampleUITests-frameworks.sh\"\n";
			showEnvVarsInLog = 0;
		};
/* End PBXShellScriptBuildPhase section */

/* Begin PBXSourcesBuildPhase section */
		B03F2BE72040A96D0067CC1E /* Sources */ = {
			isa = PBXSourcesBuildPhase;
			buildActionMask = 2147483647;
			files = (
				B02D9ED7204164010044BB0E /* TaskListsViewController.swift in Sources */,
				B0342B702040C82900631CF7 /* ProjectsApi.swift in Sources */,
				B0342B892040E3E000631CF7 /* TasksViewModel.swift in Sources */,
				B0342B602040C58D00631CF7 /* StoryboardContext.swift in Sources */,
				B0342B872040E3D600631CF7 /* OneTaskViewModel.swift in Sources */,
				B0342B8F2040FBC000631CF7 /* DateUtils.swift in Sources */,
				B02D9EDB204176430044BB0E /* DateBadgeView.swift in Sources */,
				B0342B932041097F00631CF7 /* Visuals.swift in Sources */,
				B02D9ED0204163D20044BB0E /* TaskList.swift in Sources */,
				B0342B682040C6A600631CF7 /* BaseViewController.swift in Sources */,
				B0342B792040D69E00631CF7 /* OneProjectViewModel.swift in Sources */,
				B0342B022040AC4F00631CF7 /* Router.swift in Sources */,
				B03F2BEF2040A96D0067CC1E /* AppDelegate.swift in Sources */,
				B02D9ED8204164010044BB0E /* OneTaskListViewModel.swift in Sources */,
				B0342B822040E16B00631CF7 /* TaskApi.swift in Sources */,
				B0342B6C2040C73E00631CF7 /* BaseTableViewCell.swift in Sources */,
				B0342B7B2040DB1200631CF7 /* Extensions.swift in Sources */,
				B0342B912041038E00631CF7 /* ProgressFillView.swift in Sources */,
				B0342B5D2040C39400631CF7 /* ApiObject.swift in Sources */,
				B0342B562040BEE600631CF7 /* Types.swift in Sources */,
				B0342B652040C69600631CF7 /* ProjectsViewController.swift in Sources */,
				B0342B622040C5AD00631CF7 /* MainStoryboard.swift in Sources */,
				B02D9ED6204164010044BB0E /* TaskListCell.swift in Sources */,
				B0342B852040E3CC00631CF7 /* TasksViewController.swift in Sources */,
				B02D9ED9204164010044BB0E /* TaskListsViewModel.swift in Sources */,
				B02D9EDD204178430044BB0E /* ProjectOverviewView.swift in Sources */,
				B0342B802040E16300631CF7 /* Task.swift in Sources */,
				B0342B582040BF1200631CF7 /* RouterConfig.swift in Sources */,
				B0342B772040D4CA00631CF7 /* ProjectCell.swift in Sources */,
				B0342B8B2040E3EA00631CF7 /* TaskCell.swift in Sources */,
				B0342B722040C9D800631CF7 /* BaseViewModel.swift in Sources */,
				B0342B6E2040C79F00631CF7 /* ProjectsViewModel.swift in Sources */,
				B0342B752040CA2400631CF7 /* BaseApi.swift in Sources */,
				B0342B6A2040C6DC00631CF7 /* BaseTableViewController.swift in Sources */,
				B0342B5B2040C38300631CF7 /* Project.swift in Sources */,
			);
			runOnlyForDeploymentPostprocessing = 0;
		};
		B03F2BFB2040A96D0067CC1E /* Sources */ = {
			isa = PBXSourcesBuildPhase;
			buildActionMask = 2147483647;
			files = (
				B03F2C042040A96D0067CC1E /* TeamworkSampleTests.swift in Sources */,
			);
			runOnlyForDeploymentPostprocessing = 0;
		};
		B03F2C062040A96D0067CC1E /* Sources */ = {
			isa = PBXSourcesBuildPhase;
			buildActionMask = 2147483647;
			files = (
				B03F2C0F2040A96D0067CC1E /* TeamworkSampleUITests.swift in Sources */,
			);
			runOnlyForDeploymentPostprocessing = 0;
		};
/* End PBXSourcesBuildPhase section */

/* Begin PBXTargetDependency section */
		B03F2C012040A96D0067CC1E /* PBXTargetDependency */ = {
			isa = PBXTargetDependency;
			target = B03F2BEA2040A96D0067CC1E /* TeamworkSample */;
			targetProxy = B03F2C002040A96D0067CC1E /* PBXContainerItemProxy */;
		};
		B03F2C0C2040A96D0067CC1E /* PBXTargetDependency */ = {
			isa = PBXTargetDependency;
			target = B03F2BEA2040A96D0067CC1E /* TeamworkSample */;
			targetProxy = B03F2C0B2040A96D0067CC1E /* PBXContainerItemProxy */;
		};
/* End PBXTargetDependency section */

/* Begin PBXVariantGroup section */
		B03F2BF72040A96D0067CC1E /* LaunchScreen.storyboard */ = {
			isa = PBXVariantGroup;
			children = (
				B03F2BF82040A96D0067CC1E /* Base */,
			);
			name = LaunchScreen.storyboard;
			sourceTree = "<group>";
		};
/* End PBXVariantGroup section */

/* Begin XCBuildConfiguration section */
		B03F2C112040A96D0067CC1E /* Debug */ = {
			isa = XCBuildConfiguration;
			buildSettings = {
				ALWAYS_SEARCH_USER_PATHS = NO;
				CLANG_ANALYZER_NONNULL = YES;
				CLANG_ANALYZER_NUMBER_OBJECT_CONVERSION = YES_AGGRESSIVE;
				CLANG_CXX_LANGUAGE_STANDARD = "gnu++14";
				CLANG_CXX_LIBRARY = "libc++";
				CLANG_ENABLE_MODULES = YES;
				CLANG_ENABLE_OBJC_ARC = YES;
				CLANG_WARN_BLOCK_CAPTURE_AUTORELEASING = YES;
				CLANG_WARN_BOOL_CONVERSION = YES;
				CLANG_WARN_COMMA = YES;
				CLANG_WARN_CONSTANT_CONVERSION = YES;
				CLANG_WARN_DIRECT_OBJC_ISA_USAGE = YES_ERROR;
				CLANG_WARN_DOCUMENTATION_COMMENTS = YES;
				CLANG_WARN_EMPTY_BODY = YES;
				CLANG_WARN_ENUM_CONVERSION = YES;
				CLANG_WARN_INFINITE_RECURSION = YES;
				CLANG_WARN_INT_CONVERSION = YES;
				CLANG_WARN_NON_LITERAL_NULL_CONVERSION = YES;
				CLANG_WARN_OBJC_LITERAL_CONVERSION = YES;
				CLANG_WARN_OBJC_ROOT_CLASS = YES_ERROR;
				CLANG_WARN_RANGE_LOOP_ANALYSIS = YES;
				CLANG_WARN_STRICT_PROTOTYPES = YES;
				CLANG_WARN_SUSPICIOUS_MOVE = YES;
				CLANG_WARN_UNGUARDED_AVAILABILITY = YES_AGGRESSIVE;
				CLANG_WARN_UNREACHABLE_CODE = YES;
				CLANG_WARN__DUPLICATE_METHOD_MATCH = YES;
				CODE_SIGN_IDENTITY = "iPhone Developer";
				COPY_PHASE_STRIP = NO;
				DEBUG_INFORMATION_FORMAT = dwarf;
				ENABLE_STRICT_OBJC_MSGSEND = YES;
				ENABLE_TESTABILITY = YES;
				GCC_C_LANGUAGE_STANDARD = gnu11;
				GCC_DYNAMIC_NO_PIC = NO;
				GCC_NO_COMMON_BLOCKS = YES;
				GCC_OPTIMIZATION_LEVEL = 0;
				GCC_PREPROCESSOR_DEFINITIONS = (
					"DEBUG=1",
					"$(inherited)",
				);
				GCC_WARN_64_TO_32_BIT_CONVERSION = YES;
				GCC_WARN_ABOUT_RETURN_TYPE = YES_ERROR;
				GCC_WARN_UNDECLARED_SELECTOR = YES;
				GCC_WARN_UNINITIALIZED_AUTOS = YES_AGGRESSIVE;
				GCC_WARN_UNUSED_FUNCTION = YES;
				GCC_WARN_UNUSED_VARIABLE = YES;
				IPHONEOS_DEPLOYMENT_TARGET = 11.2;
				MTL_ENABLE_DEBUG_INFO = YES;
				ONLY_ACTIVE_ARCH = YES;
				SDKROOT = iphoneos;
				SWIFT_ACTIVE_COMPILATION_CONDITIONS = DEBUG;
				SWIFT_OPTIMIZATION_LEVEL = "-Onone";
			};
			name = Debug;
		};
		B03F2C122040A96D0067CC1E /* Release */ = {
			isa = XCBuildConfiguration;
			buildSettings = {
				ALWAYS_SEARCH_USER_PATHS = NO;
				CLANG_ANALYZER_NONNULL = YES;
				CLANG_ANALYZER_NUMBER_OBJECT_CONVERSION = YES_AGGRESSIVE;
				CLANG_CXX_LANGUAGE_STANDARD = "gnu++14";
				CLANG_CXX_LIBRARY = "libc++";
				CLANG_ENABLE_MODULES = YES;
				CLANG_ENABLE_OBJC_ARC = YES;
				CLANG_WARN_BLOCK_CAPTURE_AUTORELEASING = YES;
				CLANG_WARN_BOOL_CONVERSION = YES;
				CLANG_WARN_COMMA = YES;
				CLANG_WARN_CONSTANT_CONVERSION = YES;
				CLANG_WARN_DIRECT_OBJC_ISA_USAGE = YES_ERROR;
				CLANG_WARN_DOCUMENTATION_COMMENTS = YES;
				CLANG_WARN_EMPTY_BODY = YES;
				CLANG_WARN_ENUM_CONVERSION = YES;
				CLANG_WARN_INFINITE_RECURSION = YES;
				CLANG_WARN_INT_CONVERSION = YES;
				CLANG_WARN_NON_LITERAL_NULL_CONVERSION = YES;
				CLANG_WARN_OBJC_LITERAL_CONVERSION = YES;
				CLANG_WARN_OBJC_ROOT_CLASS = YES_ERROR;
				CLANG_WARN_RANGE_LOOP_ANALYSIS = YES;
				CLANG_WARN_STRICT_PROTOTYPES = YES;
				CLANG_WARN_SUSPICIOUS_MOVE = YES;
				CLANG_WARN_UNGUARDED_AVAILABILITY = YES_AGGRESSIVE;
				CLANG_WARN_UNREACHABLE_CODE = YES;
				CLANG_WARN__DUPLICATE_METHOD_MATCH = YES;
				CODE_SIGN_IDENTITY = "iPhone Developer";
				COPY_PHASE_STRIP = NO;
				DEBUG_INFORMATION_FORMAT = "dwarf-with-dsym";
				ENABLE_NS_ASSERTIONS = NO;
				ENABLE_STRICT_OBJC_MSGSEND = YES;
				GCC_C_LANGUAGE_STANDARD = gnu11;
				GCC_NO_COMMON_BLOCKS = YES;
				GCC_WARN_64_TO_32_BIT_CONVERSION = YES;
				GCC_WARN_ABOUT_RETURN_TYPE = YES_ERROR;
				GCC_WARN_UNDECLARED_SELECTOR = YES;
				GCC_WARN_UNINITIALIZED_AUTOS = YES_AGGRESSIVE;
				GCC_WARN_UNUSED_FUNCTION = YES;
				GCC_WARN_UNUSED_VARIABLE = YES;
				IPHONEOS_DEPLOYMENT_TARGET = 11.2;
				MTL_ENABLE_DEBUG_INFO = NO;
				SDKROOT = iphoneos;
				SWIFT_OPTIMIZATION_LEVEL = "-Owholemodule";
				VALIDATE_PRODUCT = YES;
			};
			name = Release;
		};
		B03F2C142040A96D0067CC1E /* Debug */ = {
			isa = XCBuildConfiguration;
			baseConfigurationReference = BA11B4BE699C9A405EB6C7D3 /* Pods-TeamworkSample.debug.xcconfig */;
			buildSettings = {
				ASSETCATALOG_COMPILER_APPICON_NAME = AppIcon;
				CODE_SIGN_STYLE = Automatic;
				DEVELOPMENT_TEAM = 8H5Z8M869P;
				INFOPLIST_FILE = TeamworkSample/Info.plist;
				LD_RUNPATH_SEARCH_PATHS = "$(inherited) @executable_path/Frameworks";
				PRODUCT_BUNDLE_IDENTIFIER = com.teamwork.ios.TeamworkSample;
				PRODUCT_NAME = "$(TARGET_NAME)";
				SWIFT_VERSION = 4.0;
				TARGETED_DEVICE_FAMILY = "1,2";
			};
			name = Debug;
		};
		B03F2C152040A96D0067CC1E /* Release */ = {
			isa = XCBuildConfiguration;
			baseConfigurationReference = 256049B2C7985C54999E42AB /* Pods-TeamworkSample.release.xcconfig */;
			buildSettings = {
				ASSETCATALOG_COMPILER_APPICON_NAME = AppIcon;
				CODE_SIGN_STYLE = Automatic;
				DEVELOPMENT_TEAM = 8H5Z8M869P;
				INFOPLIST_FILE = TeamworkSample/Info.plist;
				LD_RUNPATH_SEARCH_PATHS = "$(inherited) @executable_path/Frameworks";
				PRODUCT_BUNDLE_IDENTIFIER = com.teamwork.ios.TeamworkSample;
				PRODUCT_NAME = "$(TARGET_NAME)";
				SWIFT_VERSION = 4.0;
				TARGETED_DEVICE_FAMILY = "1,2";
			};
			name = Release;
		};
		B03F2C172040A96D0067CC1E /* Debug */ = {
			isa = XCBuildConfiguration;
			baseConfigurationReference = 0CE82D04A6182884B9B695A3 /* Pods-TeamworkSampleTests.debug.xcconfig */;
			buildSettings = {
				ALWAYS_EMBED_SWIFT_STANDARD_LIBRARIES = YES;
				BUNDLE_LOADER = "$(TEST_HOST)";
				CODE_SIGN_STYLE = Automatic;
				DEVELOPMENT_TEAM = 8H5Z8M869P;
				INFOPLIST_FILE = TeamworkSampleTests/Info.plist;
				LD_RUNPATH_SEARCH_PATHS = "$(inherited) @executable_path/Frameworks @loader_path/Frameworks";
				PRODUCT_BUNDLE_IDENTIFIER = com.teamwork.ios.TeamworkSampleTests;
				PRODUCT_NAME = "$(TARGET_NAME)";
				SWIFT_VERSION = 4.0;
				TARGETED_DEVICE_FAMILY = "1,2";
				TEST_HOST = "$(BUILT_PRODUCTS_DIR)/TeamworkSample.app/TeamworkSample";
			};
			name = Debug;
		};
		B03F2C182040A96D0067CC1E /* Release */ = {
			isa = XCBuildConfiguration;
			baseConfigurationReference = 4AB2E5F96AE3BE7617B907AD /* Pods-TeamworkSampleTests.release.xcconfig */;
			buildSettings = {
				ALWAYS_EMBED_SWIFT_STANDARD_LIBRARIES = YES;
				BUNDLE_LOADER = "$(TEST_HOST)";
				CODE_SIGN_STYLE = Automatic;
				DEVELOPMENT_TEAM = 8H5Z8M869P;
				INFOPLIST_FILE = TeamworkSampleTests/Info.plist;
				LD_RUNPATH_SEARCH_PATHS = "$(inherited) @executable_path/Frameworks @loader_path/Frameworks";
				PRODUCT_BUNDLE_IDENTIFIER = com.teamwork.ios.TeamworkSampleTests;
				PRODUCT_NAME = "$(TARGET_NAME)";
				SWIFT_VERSION = 4.0;
				TARGETED_DEVICE_FAMILY = "1,2";
				TEST_HOST = "$(BUILT_PRODUCTS_DIR)/TeamworkSample.app/TeamworkSample";
			};
			name = Release;
		};
		B03F2C1A2040A96D0067CC1E /* Debug */ = {
			isa = XCBuildConfiguration;
			baseConfigurationReference = 5CE450A620A9EDD86C94172A /* Pods-TeamworkSampleUITests.debug.xcconfig */;
			buildSettings = {
				ALWAYS_EMBED_SWIFT_STANDARD_LIBRARIES = YES;
				CODE_SIGN_STYLE = Automatic;
				DEVELOPMENT_TEAM = 8H5Z8M869P;
				INFOPLIST_FILE = TeamworkSampleUITests/Info.plist;
				LD_RUNPATH_SEARCH_PATHS = "$(inherited) @executable_path/Frameworks @loader_path/Frameworks";
				PRODUCT_BUNDLE_IDENTIFIER = com.teamwork.ios.TeamworkSampleUITests;
				PRODUCT_NAME = "$(TARGET_NAME)";
				SWIFT_VERSION = 4.0;
				TARGETED_DEVICE_FAMILY = "1,2";
				TEST_TARGET_NAME = TeamworkSample;
			};
			name = Debug;
		};
		B03F2C1B2040A96D0067CC1E /* Release */ = {
			isa = XCBuildConfiguration;
			baseConfigurationReference = 42D9784900E911F9E7F56736 /* Pods-TeamworkSampleUITests.release.xcconfig */;
			buildSettings = {
				ALWAYS_EMBED_SWIFT_STANDARD_LIBRARIES = YES;
				CODE_SIGN_STYLE = Automatic;
				DEVELOPMENT_TEAM = 8H5Z8M869P;
				INFOPLIST_FILE = TeamworkSampleUITests/Info.plist;
				LD_RUNPATH_SEARCH_PATHS = "$(inherited) @executable_path/Frameworks @loader_path/Frameworks";
				PRODUCT_BUNDLE_IDENTIFIER = com.teamwork.ios.TeamworkSampleUITests;
				PRODUCT_NAME = "$(TARGET_NAME)";
				SWIFT_VERSION = 4.0;
				TARGETED_DEVICE_FAMILY = "1,2";
				TEST_TARGET_NAME = TeamworkSample;
			};
			name = Release;
		};
/* End XCBuildConfiguration section */

/* Begin XCConfigurationList section */
		B03F2BE62040A96D0067CC1E /* Build configuration list for PBXProject "TeamworkSample" */ = {
			isa = XCConfigurationList;
			buildConfigurations = (
				B03F2C112040A96D0067CC1E /* Debug */,
				B03F2C122040A96D0067CC1E /* Release */,
			);
			defaultConfigurationIsVisible = 0;
			defaultConfigurationName = Release;
		};
		B03F2C132040A96D0067CC1E /* Build configuration list for PBXNativeTarget "TeamworkSample" */ = {
			isa = XCConfigurationList;
			buildConfigurations = (
				B03F2C142040A96D0067CC1E /* Debug */,
				B03F2C152040A96D0067CC1E /* Release */,
			);
			defaultConfigurationIsVisible = 0;
			defaultConfigurationName = Release;
		};
		B03F2C162040A96D0067CC1E /* Build configuration list for PBXNativeTarget "TeamworkSampleTests" */ = {
			isa = XCConfigurationList;
			buildConfigurations = (
				B03F2C172040A96D0067CC1E /* Debug */,
				B03F2C182040A96D0067CC1E /* Release */,
			);
			defaultConfigurationIsVisible = 0;
			defaultConfigurationName = Release;
		};
		B03F2C192040A96D0067CC1E /* Build configuration list for PBXNativeTarget "TeamworkSampleUITests" */ = {
			isa = XCConfigurationList;
			buildConfigurations = (
				B03F2C1A2040A96D0067CC1E /* Debug */,
				B03F2C1B2040A96D0067CC1E /* Release */,
			);
			defaultConfigurationIsVisible = 0;
			defaultConfigurationName = Release;
		};
/* End XCConfigurationList section */
	};
	rootObject = B03F2BE32040A96D0067CC1E /* Project object */;
}
